
Microsoft Visual Studio Solution File, Format Version 12.00
# Visual Studio Version 17
VisualStudioVersion = 17.2.32630.192
MinimumVisualStudioVersion = 10.0.40219.1
Project("{FAE04EC0-301F-11D3-BF4B-00C04F79EFBC}") = "EntityFrameworkIntroExercise", "EntityFrameworkIntroExercise.csproj", "{53CAC3F1-15AB-427D-BCB0-0D6A5F58705A}"
EndProject
Global
	GlobalSection(SolutionConfigurationPlatforms) = preSolution
		Debug|Any CPU = Debug|Any CPU
		Release|Any CPU = Release|Any CPU
	EndGlobalSection
	GlobalSection(ProjectConfigurationPlatforms) = postSolution
		{53CAC3F1-15AB-427D-BCB0-0D6A5F58705A}.Debug|Any CPU.ActiveCfg = Debug|Any CPU
		{53CAC3F1-15AB-427D-BCB0-0D6A5F58705A}.Debug|Any CPU.Build.0 = Debug|Any CPU
		{53CAC3F1-15AB-427D-BCB0-0D6A5F58705A}.Release|Any CPU.ActiveCfg = Release|Any CPU
		{53CAC3F1-15AB-427D-BCB0-0D6A5F58705A}.Release|Any CPU.Build.0 = Release|Any CPU
	EndGlobalSection
	GlobalSection(SolutionProperties) = preSolution
		HideSolutionNode = FALSE
	EndGlobalSection
	GlobalSection(ExtensibilityGlobals) = postSolution
		SolutionGuid = {F5C0C5E7-1172-41C0-863B-5C4AE2083DFA}
	EndGlobalSection
EndGlobal
