
Microsoft Visual Studio Solution File, Format Version 12.00
# Visual Studio Version 17
VisualStudioVersion = 17.3.32929.385
MinimumVisualStudioVersion = 10.0.40219.1
Project("{FAE04EC0-301F-11D3-BF4B-00C04F79EFBC}") = "P01_StudentSystem", "P01_StudentSystem\P01_StudentSystem.csproj", "{3C2FA8C3-85F6-4283-9EB4-657C0303B44B}"
EndProject
Project("{FAE04EC0-301F-11D3-BF4B-00C04F79EFBC}") = "P01_StudentSystem.Data", "P01_StudentSystem.Data\P01_StudentSystem.Data.csproj", "{12922B07-4499-45C6-B242-2A4F2DDE6803}"
EndProject
Project("{FAE04EC0-301F-11D3-BF4B-00C04F79EFBC}") = "P01_StudentSystem.Data.Models", "P01_StudentSystem.Data.Models\P01_StudentSystem.Data.Models.csproj", "{5916795D-1EB9-4FDE-986A-5B74FE3FEF4E}"
EndProject
Project("{FAE04EC0-301F-11D3-BF4B-00C04F79EFBC}") = "P01StudentSystem.Data.Common", "P01StudentSystem.Data.Common\P01StudentSystem.Data.Common.csproj", "{0B981CF3-86EB-493C-B0F6-C110BCCA8E7B}"
EndProject
Global
	GlobalSection(SolutionConfigurationPlatforms) = preSolution
		Debug|Any CPU = Debug|Any CPU
		Release|Any CPU = Release|Any CPU
	EndGlobalSection
	GlobalSection(ProjectConfigurationPlatforms) = postSolution
		{3C2FA8C3-85F6-4283-9EB4-657C0303B44B}.Debug|Any CPU.ActiveCfg = Debug|Any CPU
		{3C2FA8C3-85F6-4283-9EB4-657C0303B44B}.Debug|Any CPU.Build.0 = Debug|Any CPU
		{3C2FA8C3-85F6-4283-9EB4-657C0303B44B}.Release|Any CPU.ActiveCfg = Release|Any CPU
		{3C2FA8C3-85F6-4283-9EB4-657C0303B44B}.Release|Any CPU.Build.0 = Release|Any CPU
		{12922B07-4499-45C6-B242-2A4F2DDE6803}.Debug|Any CPU.ActiveCfg = Debug|Any CPU
		{12922B07-4499-45C6-B242-2A4F2DDE6803}.Debug|Any CPU.Build.0 = Debug|Any CPU
		{12922B07-4499-45C6-B242-2A4F2DDE6803}.Release|Any CPU.ActiveCfg = Release|Any CPU
		{12922B07-4499-45C6-B242-2A4F2DDE6803}.Release|Any CPU.Build.0 = Release|Any CPU
		{5916795D-1EB9-4FDE-986A-5B74FE3FEF4E}.Debug|Any CPU.ActiveCfg = Debug|Any CPU
		{5916795D-1EB9-4FDE-986A-5B74FE3FEF4E}.Debug|Any CPU.Build.0 = Debug|Any CPU
		{5916795D-1EB9-4FDE-986A-5B74FE3FEF4E}.Release|Any CPU.ActiveCfg = Release|Any CPU
		{5916795D-1EB9-4FDE-986A-5B74FE3FEF4E}.Release|Any CPU.Build.0 = Release|Any CPU
		{0B981CF3-86EB-493C-B0F6-C110BCCA8E7B}.Debug|Any CPU.ActiveCfg = Debug|Any CPU
		{0B981CF3-86EB-493C-B0F6-C110BCCA8E7B}.Debug|Any CPU.Build.0 = Debug|Any CPU
		{0B981CF3-86EB-493C-B0F6-C110BCCA8E7B}.Release|Any CPU.ActiveCfg = Release|Any CPU
		{0B981CF3-86EB-493C-B0F6-C110BCCA8E7B}.Release|Any CPU.Build.0 = Release|Any CPU
	EndGlobalSection
	GlobalSection(SolutionProperties) = preSolution
		HideSolutionNode = FALSE
	EndGlobalSection
	GlobalSection(ExtensibilityGlobals) = postSolution
		SolutionGuid = {AC51EECA-BBE8-4E2A-A9B2-ABDAB8002546}
	EndGlobalSection
EndGlobal
